
Microsoft Visual Studio Solution File, Format Version 12.00
# Visual Studio Version 17
VisualStudioVersion = 17.4.33403.182
MinimumVisualStudioVersion = 10.0.40219.1
Project("{8BC9CEB8-8B4A-11D0-8D11-00A0C91BC942}") = "Problem8", "Stack_and_Queue_sheet\Stack_and_Queue_sheet.vcxproj", "{1D26110C-69ED-4534-B25A-7DDCECFC46DA}"
EndProject
Project("{8BC9CEB8-8B4A-11D0-8D11-00A0C91BC942}") = "Problem7", "problem1\problem1.vcxproj", "{E7F3C2C4-C8ED-4815-A47F-EAE145FE4B08}"
EndProject
Project("{8BC9CEB8-8B4A-11D0-8D11-00A0C91BC942}") = "Problem9", "Problem9\Problem9.vcxproj", "{A566CE34-D4E9-499E-9FA1-7E24E43F12E1}"
EndProject
Project("{8BC9CEB8-8B4A-11D0-8D11-00A0C91BC942}") = "Problem10", "Problem10\Problem10.vcxproj", "{B61A75BC-2742-43B2-A78E-1FE6B59E2891}"
EndProject
Project("{8BC9CEB8-8B4A-11D0-8D11-00A0C91BC942}") = "Problem11", "Problem11\Problem11.vcxproj", "{4A6B3052-1C64-4EDF-8959-C9872C4F1854}"
EndProject
Project("{8BC9CEB8-8B4A-11D0-8D11-00A0C91BC942}") = "problem12", "problem12\problem12.vcxproj", "{BDAB98C7-4DAF-4807-B4FF-1AC7A77E8E5A}"
EndProject
Project("{8BC9CEB8-8B4A-11D0-8D11-00A0C91BC942}") = "Problem13", "Problem13\Problem13.vcxproj", "{E2BA759D-3C6D-4DCE-BBAF-5326E8591483}"
EndProject
Project("{8BC9CEB8-8B4A-11D0-8D11-00A0C91BC942}") = "Problem 14", "Problem 14\Problem 14.vcxproj", "{2C96D3F0-DC37-4FAD-9B6B-71BAB1303F1F}"
EndProject
Project("{8BC9CEB8-8B4A-11D0-8D11-00A0C91BC942}") = "Problem 19", "Problem 19\Problem 19.vcxproj", "{B6FCF087-E930-49F8-AB61-65277C1BB549}"
EndProject
Global
	GlobalSection(SolutionConfigurationPlatforms) = preSolution
		Debug|x64 = Debug|x64
		Debug|x86 = Debug|x86
		Release|x64 = Release|x64
		Release|x86 = Release|x86
	EndGlobalSection
	GlobalSection(ProjectConfigurationPlatforms) = postSolution
		{1D26110C-69ED-4534-B25A-7DDCECFC46DA}.Debug|x64.ActiveCfg = Debug|x64
		{1D26110C-69ED-4534-B25A-7DDCECFC46DA}.Debug|x64.Build.0 = Debug|x64
		{1D26110C-69ED-4534-B25A-7DDCECFC46DA}.Debug|x86.ActiveCfg = Debug|Win32
		{1D26110C-69ED-4534-B25A-7DDCECFC46DA}.Debug|x86.Build.0 = Debug|Win32
		{1D26110C-69ED-4534-B25A-7DDCECFC46DA}.Release|x64.ActiveCfg = Release|x64
		{1D26110C-69ED-4534-B25A-7DDCECFC46DA}.Release|x64.Build.0 = Release|x64
		{1D26110C-69ED-4534-B25A-7DDCECFC46DA}.Release|x86.ActiveCfg = Release|Win32
		{1D26110C-69ED-4534-B25A-7DDCECFC46DA}.Release|x86.Build.0 = Release|Win32
		{E7F3C2C4-C8ED-4815-A47F-EAE145FE4B08}.Debug|x64.ActiveCfg = Debug|x64
		{E7F3C2C4-C8ED-4815-A47F-EAE145FE4B08}.Debug|x64.Build.0 = Debug|x64
		{E7F3C2C4-C8ED-4815-A47F-EAE145FE4B08}.Debug|x86.ActiveCfg = Debug|Win32
		{E7F3C2C4-C8ED-4815-A47F-EAE145FE4B08}.Debug|x86.Build.0 = Debug|Win32
		{E7F3C2C4-C8ED-4815-A47F-EAE145FE4B08}.Release|x64.ActiveCfg = Release|x64
		{E7F3C2C4-C8ED-4815-A47F-EAE145FE4B08}.Release|x64.Build.0 = Release|x64
		{E7F3C2C4-C8ED-4815-A47F-EAE145FE4B08}.Release|x86.ActiveCfg = Release|Win32
		{E7F3C2C4-C8ED-4815-A47F-EAE145FE4B08}.Release|x86.Build.0 = Release|Win32
		{A566CE34-D4E9-499E-9FA1-7E24E43F12E1}.Debug|x64.ActiveCfg = Debug|x64
		{A566CE34-D4E9-499E-9FA1-7E24E43F12E1}.Debug|x64.Build.0 = Debug|x64
		{A566CE34-D4E9-499E-9FA1-7E24E43F12E1}.Debug|x86.ActiveCfg = Debug|Win32
		{A566CE34-D4E9-499E-9FA1-7E24E43F12E1}.Debug|x86.Build.0 = Debug|Win32
		{A566CE34-D4E9-499E-9FA1-7E24E43F12E1}.Release|x64.ActiveCfg = Release|x64
		{A566CE34-D4E9-499E-9FA1-7E24E43F12E1}.Release|x64.Build.0 = Release|x64
		{A566CE34-D4E9-499E-9FA1-7E24E43F12E1}.Release|x86.ActiveCfg = Release|Win32
		{A566CE34-D4E9-499E-9FA1-7E24E43F12E1}.Release|x86.Build.0 = Release|Win32
		{B61A75BC-2742-43B2-A78E-1FE6B59E2891}.Debug|x64.ActiveCfg = Debug|x64
		{B61A75BC-2742-43B2-A78E-1FE6B59E2891}.Debug|x64.Build.0 = Debug|x64
		{B61A75BC-2742-43B2-A78E-1FE6B59E2891}.Debug|x86.ActiveCfg = Debug|Win32
		{B61A75BC-2742-43B2-A78E-1FE6B59E2891}.Debug|x86.Build.0 = Debug|Win32
		{B61A75BC-2742-43B2-A78E-1FE6B59E2891}.Release|x64.ActiveCfg = Release|x64
		{B61A75BC-2742-43B2-A78E-1FE6B59E2891}.Release|x64.Build.0 = Release|x64
		{B61A75BC-2742-43B2-A78E-1FE6B59E2891}.Release|x86.ActiveCfg = Release|Win32
		{B61A75BC-2742-43B2-A78E-1FE6B59E2891}.Release|x86.Build.0 = Release|Win32
		{4A6B3052-1C64-4EDF-8959-C9872C4F1854}.Debug|x64.ActiveCfg = Debug|x64
		{4A6B3052-1C64-4EDF-8959-C9872C4F1854}.Debug|x64.Build.0 = Debug|x64
		{4A6B3052-1C64-4EDF-8959-C9872C4F1854}.Debug|x86.ActiveCfg = Debug|Win32
		{4A6B3052-1C64-4EDF-8959-C9872C4F1854}.Debug|x86.Build.0 = Debug|Win32
		{4A6B3052-1C64-4EDF-8959-C9872C4F1854}.Release|x64.ActiveCfg = Release|x64
		{4A6B3052-1C64-4EDF-8959-C9872C4F1854}.Release|x64.Build.0 = Release|x64
		{4A6B3052-1C64-4EDF-8959-C9872C4F1854}.Release|x86.ActiveCfg = Release|Win32
		{4A6B3052-1C64-4EDF-8959-C9872C4F1854}.Release|x86.Build.0 = Release|Win32
		{BDAB98C7-4DAF-4807-B4FF-1AC7A77E8E5A}.Debug|x64.ActiveCfg = Debug|x64
		{BDAB98C7-4DAF-4807-B4FF-1AC7A77E8E5A}.Debug|x64.Build.0 = Debug|x64
		{BDAB98C7-4DAF-4807-B4FF-1AC7A77E8E5A}.Debug|x86.ActiveCfg = Debug|Win32
		{BDAB98C7-4DAF-4807-B4FF-1AC7A77E8E5A}.Debug|x86.Build.0 = Debug|Win32
		{BDAB98C7-4DAF-4807-B4FF-1AC7A77E8E5A}.Release|x64.ActiveCfg = Release|x64
		{BDAB98C7-4DAF-4807-B4FF-1AC7A77E8E5A}.Release|x64.Build.0 = Release|x64
		{BDAB98C7-4DAF-4807-B4FF-1AC7A77E8E5A}.Release|x86.ActiveCfg = Release|Win32
		{BDAB98C7-4DAF-4807-B4FF-1AC7A77E8E5A}.Release|x86.Build.0 = Release|Win32
		{E2BA759D-3C6D-4DCE-BBAF-5326E8591483}.Debug|x64.ActiveCfg = Debug|x64
		{E2BA759D-3C6D-4DCE-BBAF-5326E8591483}.Debug|x64.Build.0 = Debug|x64
		{E2BA759D-3C6D-4DCE-BBAF-5326E8591483}.Debug|x86.ActiveCfg = Debug|Win32
		{E2BA759D-3C6D-4DCE-BBAF-5326E8591483}.Debug|x86.Build.0 = Debug|Win32
		{E2BA759D-3C6D-4DCE-BBAF-5326E8591483}.Release|x64.ActiveCfg = Release|x64
		{E2BA759D-3C6D-4DCE-BBAF-5326E8591483}.Release|x64.Build.0 = Release|x64
		{E2BA759D-3C6D-4DCE-BBAF-5326E8591483}.Release|x86.ActiveCfg = Release|Win32
		{E2BA759D-3C6D-4DCE-BBAF-5326E8591483}.Release|x86.Build.0 = Release|Win32
		{2C96D3F0-DC37-4FAD-9B6B-71BAB1303F1F}.Debug|x64.ActiveCfg = Debug|x64
		{2C96D3F0-DC37-4FAD-9B6B-71BAB1303F1F}.Debug|x64.Build.0 = Debug|x64
		{2C96D3F0-DC37-4FAD-9B6B-71BAB1303F1F}.Debug|x86.ActiveCfg = Debug|Win32
		{2C96D3F0-DC37-4FAD-9B6B-71BAB1303F1F}.Debug|x86.Build.0 = Debug|Win32
		{2C96D3F0-DC37-4FAD-9B6B-71BAB1303F1F}.Release|x64.ActiveCfg = Release|x64
		{2C96D3F0-DC37-4FAD-9B6B-71BAB1303F1F}.Release|x64.Build.0 = Release|x64
		{2C96D3F0-DC37-4FAD-9B6B-71BAB1303F1F}.Release|x86.ActiveCfg = Release|Win32
		{2C96D3F0-DC37-4FAD-9B6B-71BAB1303F1F}.Release|x86.Build.0 = Release|Win32
		{B6FCF087-E930-49F8-AB61-65277C1BB549}.Debug|x64.ActiveCfg = Debug|x64
		{B6FCF087-E930-49F8-AB61-65277C1BB549}.Debug|x64.Build.0 = Debug|x64
		{B6FCF087-E930-49F8-AB61-65277C1BB549}.Debug|x86.ActiveCfg = Debug|Win32
		{B6FCF087-E930-49F8-AB61-65277C1BB549}.Debug|x86.Build.0 = Debug|Win32
		{B6FCF087-E930-49F8-AB61-65277C1BB549}.Release|x64.ActiveCfg = Release|x64
		{B6FCF087-E930-49F8-AB61-65277C1BB549}.Release|x64.Build.0 = Release|x64
		{B6FCF087-E930-49F8-AB61-65277C1BB549}.Release|x86.ActiveCfg = Release|Win32
		{B6FCF087-E930-49F8-AB61-65277C1BB549}.Release|x86.Build.0 = Release|Win32
	EndGlobalSection
	GlobalSection(SolutionProperties) = preSolution
		HideSolutionNode = FALSE
	EndGlobalSection
	GlobalSection(ExtensibilityGlobals) = postSolution
		SolutionGuid = {DB32ED55-8D20-4126-BF68-39615DF21EF3}
	EndGlobalSection
EndGlobal
